// !$*UTF8*$!
{
	archiveVersion = 1;
	classes = {
	};
	objectVersion = 56;
	objects = {

/* Begin PBXBuildFile section */
		832DCF112B221DFF00F48C78 /* Assigment_4_Book_crudApp.swift in Sources */ = {isa = PBXBuildFile; fileRef = 832DCF102B221DFF00F48C78 /* Assigment_4_Book_crudApp.swift */; };
		832DCF132B221DFF00F48C78 /* ContentView.swift in Sources */ = {isa = PBXBuildFile; fileRef = 832DCF122B221DFF00F48C78 /* ContentView.swift */; };
		832DCF152B221E0000F48C78 /* Assets.xcassets in Resources */ = {isa = PBXBuildFile; fileRef = 832DCF142B221E0000F48C78 /* Assets.xcassets */; };
		832DCF182B221E0000F48C78 /* Preview Assets.xcassets in Resources */ = {isa = PBXBuildFile; fileRef = 832DCF172B221E0000F48C78 /* Preview Assets.xcassets */; };
		832DCF202B221EC400F48C78 /* BookListView.swift in Sources */ = {isa = PBXBuildFile; fileRef = 832DCF1F2B221EC400F48C78 /* BookListView.swift */; };
		832DCF222B221EEE00F48C78 /* AddEditBookView.swift in Sources */ = {isa = PBXBuildFile; fileRef = 832DCF212B221EEE00F48C78 /* AddEditBookView.swift */; };
		832DCF242B221EFD00F48C78 /* RegisterView.swift in Sources */ = {isa = PBXBuildFile; fileRef = 832DCF232B221EFD00F48C78 /* RegisterView.swift */; };
		832DCF262B221F0F00F48C78 /* LoginView.swift in Sources */ = {isa = PBXBuildFile; fileRef = 832DCF252B221F0F00F48C78 /* LoginView.swift */; };
		832DCF292B221F2900F48C78 /* BookListViewModel.swift in Sources */ = {isa = PBXBuildFile; fileRef = 832DCF282B221F2900F48C78 /* BookListViewModel.swift */; };
		832DCF2B2B221F3B00F48C78 /* AddEditBookViewModel.swift in Sources */ = {isa = PBXBuildFile; fileRef = 832DCF2A2B221F3B00F48C78 /* AddEditBookViewModel.swift */; };
		832DCF2D2B221F4600F48C78 /* RegisterViewModel.swift in Sources */ = {isa = PBXBuildFile; fileRef = 832DCF2C2B221F4600F48C78 /* RegisterViewModel.swift */; };
		832DCF2F2B221F4F00F48C78 /* LoginViewModel.swift in Sources */ = {isa = PBXBuildFile; fileRef = 832DCF2E2B221F4F00F48C78 /* LoginViewModel.swift */; };
		832DCF322B221F6B00F48C78 /* Book.swift in Sources */ = {isa = PBXBuildFile; fileRef = 832DCF312B221F6B00F48C78 /* Book.swift */; };
		832DCF342B221F7900F48C78 /* User.swift in Sources */ = {isa = PBXBuildFile; fileRef = 832DCF332B221F7900F48C78 /* User.swift */; };
		832DCF372B221F9100F48C78 /* ApiService.swift in Sources */ = {isa = PBXBuildFile; fileRef = 832DCF362B221F9100F48C78 /* ApiService.swift */; };
		832DCF392B221F9E00F48C78 /* AuthService.swift in Sources */ = {isa = PBXBuildFile; fileRef = 832DCF382B221F9E00F48C78 /* AuthService.swift */; };
		832DCF3C2B221FB300F48C78 /* AlertHelper.swift in Sources */ = {isa = PBXBuildFile; fileRef = 832DCF3B2B221FB300F48C78 /* AlertHelper.swift */; };
		832DCF3E2B221FC000F48C78 /* ValidationHelper.swift in Sources */ = {isa = PBXBuildFile; fileRef = 832DCF3D2B221FC000F48C78 /* ValidationHelper.swift */; };
/* End PBXBuildFile section */

/* Begin PBXFileReference section */
		832DCF0D2B221DFF00F48C78 /* Assigment-4_Book-crud.app */ = {isa = PBXFileReference; explicitFileType = wrapper.application; includeInIndex = 0; path = "Assigment-4_Book-crud.app"; sourceTree = BUILT_PRODUCTS_DIR; };
		832DCF102B221DFF00F48C78 /* Assigment_4_Book_crudApp.swift */ = {isa = PBXFileReference; lastKnownFileType = sourcecode.swift; path = Assigment_4_Book_crudApp.swift; sourceTree = "<group>"; };
		832DCF122B221DFF00F48C78 /* ContentView.swift */ = {isa = PBXFileReference; lastKnownFileType = sourcecode.swift; path = ContentView.swift; sourceTree = "<group>"; };
		832DCF142B221E0000F48C78 /* Assets.xcassets */ = {isa = PBXFileReference; lastKnownFileType = folder.assetcatalog; path = Assets.xcassets; sourceTree = "<group>"; };
		832DCF172B221E0000F48C78 /* Preview Assets.xcassets */ = {isa = PBXFileReference; lastKnownFileType = folder.assetcatalog; path = "Preview Assets.xcassets"; sourceTree = "<group>"; };
		832DCF1F2B221EC400F48C78 /* BookListView.swift */ = {isa = PBXFileReference; lastKnownFileType = sourcecode.swift; path = BookListView.swift; sourceTree = "<group>"; };
		832DCF212B221EEE00F48C78 /* AddEditBookView.swift */ = {isa = PBXFileReference; lastKnownFileType = sourcecode.swift; path = AddEditBookView.swift; sourceTree = "<group>"; };
		832DCF232B221EFD00F48C78 /* RegisterView.swift */ = {isa = PBXFileReference; lastKnownFileType = sourcecode.swift; path = RegisterView.swift; sourceTree = "<group>"; };
		832DCF252B221F0F00F48C78 /* LoginView.swift */ = {isa = PBXFileReference; lastKnownFileType = sourcecode.swift; path = LoginView.swift; sourceTree = "<group>"; };
		832DCF282B221F2900F48C78 /* BookListViewModel.swift */ = {isa = PBXFileReference; lastKnownFileType = sourcecode.swift; path = BookListViewModel.swift; sourceTree = "<group>"; };
		832DCF2A2B221F3B00F48C78 /* AddEditBookViewModel.swift */ = {isa = PBXFileReference; lastKnownFileType = sourcecode.swift; path = AddEditBookViewModel.swift; sourceTree = "<group>"; };
		832DCF2C2B221F4600F48C78 /* RegisterViewModel.swift */ = {isa = PBXFileReference; lastKnownFileType = sourcecode.swift; path = RegisterViewModel.swift; sourceTree = "<group>"; };
		832DCF2E2B221F4F00F48C78 /* LoginViewModel.swift */ = {isa = PBXFileReference; lastKnownFileType = sourcecode.swift; path = LoginViewModel.swift; sourceTree = "<group>"; };
		832DCF312B221F6B00F48C78 /* Book.swift */ = {isa = PBXFileReference; lastKnownFileType = sourcecode.swift; path = Book.swift; sourceTree = "<group>"; };
		832DCF332B221F7900F48C78 /* User.swift */ = {isa = PBXFileReference; lastKnownFileType = sourcecode.swift; path = User.swift; sourceTree = "<group>"; };
		832DCF362B221F9100F48C78 /* ApiService.swift */ = {isa = PBXFileReference; lastKnownFileType = sourcecode.swift; path = ApiService.swift; sourceTree = "<group>"; };
		832DCF382B221F9E00F48C78 /* AuthService.swift */ = {isa = PBXFileReference; lastKnownFileType = sourcecode.swift; path = AuthService.swift; sourceTree = "<group>"; };
		832DCF3B2B221FB300F48C78 /* AlertHelper.swift */ = {isa = PBXFileReference; lastKnownFileType = sourcecode.swift; path = AlertHelper.swift; sourceTree = "<group>"; };
		832DCF3D2B221FC000F48C78 /* ValidationHelper.swift */ = {isa = PBXFileReference; lastKnownFileType = sourcecode.swift; path = ValidationHelper.swift; sourceTree = "<group>"; };
/* End PBXFileReference section */

/* Begin PBXFrameworksBuildPhase section */
		832DCF0A2B221DFF00F48C78 /* Frameworks */ = {
			isa = PBXFrameworksBuildPhase;
			buildActionMask = 2147483647;
			files = (
			);
			runOnlyForDeploymentPostprocessing = 0;
		};
/* End PBXFrameworksBuildPhase section */

/* Begin PBXGroup section */
		832DCF042B221DFF00F48C78 = {
			isa = PBXGroup;
			children = (
				832DCF0F2B221DFF00F48C78 /* Assigment-4_Book-crud */,
				832DCF0E2B221DFF00F48C78 /* Products */,
			);
			sourceTree = "<group>";
		};
		832DCF0E2B221DFF00F48C78 /* Products */ = {
			isa = PBXGroup;
			children = (
				832DCF0D2B221DFF00F48C78 /* Assigment-4_Book-crud.app */,
			);
			name = Products;
			sourceTree = "<group>";
		};
		832DCF0F2B221DFF00F48C78 /* Assigment-4_Book-crud */ = {
			isa = PBXGroup;
			children = (
				832DCF3A2B221FA800F48C78 /* Helpers */,
				832DCF352B221F8500F48C78 /* Services */,
				832DCF302B221F5700F48C78 /* Models */,
				832DCF272B221F1700F48C78 /* ViewModels */,
				832DCF1E2B221E9E00F48C78 /* Views */,
				832DCF102B221DFF00F48C78 /* Assigment_4_Book_crudApp.swift */,
				832DCF142B221E0000F48C78 /* Assets.xcassets */,
				832DCF162B221E0000F48C78 /* Preview Content */,
			);
			path = "Assigment-4_Book-crud";
			sourceTree = "<group>";
		};
		832DCF162B221E0000F48C78 /* Preview Content */ = {
			isa = PBXGroup;
			children = (
				832DCF172B221E0000F48C78 /* Preview Assets.xcassets */,
			);
			path = "Preview Content";
			sourceTree = "<group>";
		};
		832DCF1E2B221E9E00F48C78 /* Views */ = {
			isa = PBXGroup;
			children = (
				832DCF122B221DFF00F48C78 /* ContentView.swift */,
				832DCF1F2B221EC400F48C78 /* BookListView.swift */,
				832DCF212B221EEE00F48C78 /* AddEditBookView.swift */,
				832DCF232B221EFD00F48C78 /* RegisterView.swift */,
				832DCF252B221F0F00F48C78 /* LoginView.swift */,
			);
			path = Views;
			sourceTree = "<group>";
		};
		832DCF272B221F1700F48C78 /* ViewModels */ = {
			isa = PBXGroup;
			children = (
				832DCF282B221F2900F48C78 /* BookListViewModel.swift */,
				832DCF2A2B221F3B00F48C78 /* AddEditBookViewModel.swift */,
				832DCF2C2B221F4600F48C78 /* RegisterViewModel.swift */,
				832DCF2E2B221F4F00F48C78 /* LoginViewModel.swift */,
			);
			path = ViewModels;
			sourceTree = "<group>";
		};
		832DCF302B221F5700F48C78 /* Models */ = {
			isa = PBXGroup;
			children = (
				832DCF312B221F6B00F48C78 /* Book.swift */,
				832DCF332B221F7900F48C78 /* User.swift */,
			);
			path = Models;
			sourceTree = "<group>";
		};
		832DCF352B221F8500F48C78 /* Services */ = {
			isa = PBXGroup;
			children = (
				832DCF362B221F9100F48C78 /* ApiService.swift */,
				832DCF382B221F9E00F48C78 /* AuthService.swift */,
			);
			path = Services;
			sourceTree = "<group>";
		};
		832DCF3A2B221FA800F48C78 /* Helpers */ = {
			isa = PBXGroup;
			children = (
				832DCF3B2B221FB300F48C78 /* AlertHelper.swift */,
				832DCF3D2B221FC000F48C78 /* ValidationHelper.swift */,
			);
			path = Helpers;
			sourceTree = "<group>";
		};
/* End PBXGroup section */

/* Begin PBXNativeTarget section */
		832DCF0C2B221DFF00F48C78 /* Assigment-4_Book-crud */ = {
			isa = PBXNativeTarget;
			buildConfigurationList = 832DCF1B2B221E0000F48C78 /* Build configuration list for PBXNativeTarget "Assigment-4_Book-crud" */;
			buildPhases = (
				832DCF092B221DFF00F48C78 /* Sources */,
				832DCF0A2B221DFF00F48C78 /* Frameworks */,
				832DCF0B2B221DFF00F48C78 /* Resources */,
			);
			buildRules = (
			);
			dependencies = (
			);
			name = "Assigment-4_Book-crud";
			productName = "Assigment-4_Book-crud";
			productReference = 832DCF0D2B221DFF00F48C78 /* Assigment-4_Book-crud.app */;
			productType = "com.apple.product-type.application";
		};
/* End PBXNativeTarget section */

/* Begin PBXProject section */
		832DCF052B221DFF00F48C78 /* Project object */ = {
			isa = PBXProject;
			attributes = {
				BuildIndependentTargetsInParallel = 1;
				LastSwiftUpdateCheck = 1500;
				LastUpgradeCheck = 1500;
				TargetAttributes = {
					832DCF0C2B221DFF00F48C78 = {
						CreatedOnToolsVersion = 15.0.1;
					};
				};
			};
			buildConfigurationList = 832DCF082B221DFF00F48C78 /* Build configuration list for PBXProject "Assigment-4_Book-crud" */;
			compatibilityVersion = "Xcode 14.0";
			developmentRegion = en;
			hasScannedForEncodings = 0;
			knownRegions = (
				en,
				Base,
			);
			mainGroup = 832DCF042B221DFF00F48C78;
			productRefGroup = 832DCF0E2B221DFF00F48C78 /* Products */;
			projectDirPath = "";
			projectRoot = "";
			targets = (
				832DCF0C2B221DFF00F48C78 /* Assigment-4_Book-crud */,
			);
		};
/* End PBXProject section */

/* Begin PBXResourcesBuildPhase section */
		832DCF0B2B221DFF00F48C78 /* Resources */ = {
			isa = PBXResourcesBuildPhase;
			buildActionMask = 2147483647;
			files = (
				832DCF182B221E0000F48C78 /* Preview Assets.xcassets in Resources */,
				832DCF152B221E0000F48C78 /* Assets.xcassets in Resources */,
			);
			runOnlyForDeploymentPostprocessing = 0;
		};
/* End PBXResourcesBuildPhase section */

/* Begin PBXSourcesBuildPhase section */
		832DCF092B221DFF00F48C78 /* Sources */ = {
			isa = PBXSourcesBuildPhase;
			buildActionMask = 2147483647;
			files = (
				832DCF262B221F0F00F48C78 /* LoginView.swift in Sources */,
				832DCF202B221EC400F48C78 /* BookListView.swift in Sources */,
				832DCF242B221EFD00F48C78 /* RegisterView.swift in Sources */,
				832DCF3C2B221FB300F48C78 /* AlertHelper.swift in Sources */,
				832DCF322B221F6B00F48C78 /* Book.swift in Sources */,
				832DCF2B2B221F3B00F48C78 /* AddEditBookViewModel.swift in Sources */,
				832DCF222B221EEE00F48C78 /* AddEditBookView.swift in Sources */,
				832DCF132B221DFF00F48C78 /* ContentView.swift in Sources */,
				832DCF372B221F9100F48C78 /* ApiService.swift in Sources */,
				832DCF292B221F2900F48C78 /* BookListViewModel.swift in Sources */,
				832DCF342B221F7900F48C78 /* User.swift in Sources */,
				832DCF2D2B221F4600F48C78 /* RegisterViewModel.swift in Sources */,
				832DCF3E2B221FC000F48C78 /* ValidationHelper.swift in Sources */,
				832DCF2F2B221F4F00F48C78 /* LoginViewModel.swift in Sources */,
				832DCF112B221DFF00F48C78 /* Assigment_4_Book_crudApp.swift in Sources */,
				832DCF392B221F9E00F48C78 /* AuthService.swift in Sources */,
			);
			runOnlyForDeploymentPostprocessing = 0;
		};
/* End PBXSourcesBuildPhase section */

/* Begin XCBuildConfiguration section */
		832DCF192B221E0000F48C78 /* Debug */ = {
			isa = XCBuildConfiguration;
			buildSettings = {
				ALWAYS_SEARCH_USER_PATHS = NO;
				ASSETCATALOG_COMPILER_GENERATE_SWIFT_ASSET_SYMBOL_EXTENSIONS = YES;
				CLANG_ANALYZER_NONNULL = YES;
				CLANG_ANALYZER_NUMBER_OBJECT_CONVERSION = YES_AGGRESSIVE;
				CLANG_CXX_LANGUAGE_STANDARD = "gnu++20";
				CLANG_ENABLE_MODULES = YES;
				CLANG_ENABLE_OBJC_ARC = YES;
				CLANG_ENABLE_OBJC_WEAK = YES;
				CLANG_WARN_BLOCK_CAPTURE_AUTORELEASING = YES;
				CLANG_WARN_BOOL_CONVERSION = YES;
				CLANG_WARN_COMMA = YES;
				CLANG_WARN_CONSTANT_CONVERSION = YES;
				CLANG_WARN_DEPRECATED_OBJC_IMPLEMENTATIONS = YES;
				CLANG_WARN_DIRECT_OBJC_ISA_USAGE = YES_ERROR;
				CLANG_WARN_DOCUMENTATION_COMMENTS = YES;
				CLANG_WARN_EMPTY_BODY = YES;
				CLANG_WARN_ENUM_CONVERSION = YES;
				CLANG_WARN_INFINITE_RECURSION = YES;
				CLANG_WARN_INT_CONVERSION = YES;
				CLANG_WARN_NON_LITERAL_NULL_CONVERSION = YES;
				CLANG_WARN_OBJC_IMPLICIT_RETAIN_SELF = YES;
				CLANG_WARN_OBJC_LITERAL_CONVERSION = YES;
				CLANG_WARN_OBJC_ROOT_CLASS = YES_ERROR;
				CLANG_WARN_QUOTED_INCLUDE_IN_FRAMEWORK_HEADER = YES;
				CLANG_WARN_RANGE_LOOP_ANALYSIS = YES;
				CLANG_WARN_STRICT_PROTOTYPES = YES;
				CLANG_WARN_SUSPICIOUS_MOVE = YES;
				CLANG_WARN_UNGUARDED_AVAILABILITY = YES_AGGRESSIVE;
				CLANG_WARN_UNREACHABLE_CODE = YES;
				CLANG_WARN__DUPLICATE_METHOD_MATCH = YES;
				COPY_PHASE_STRIP = NO;
				DEBUG_INFORMATION_FORMAT = dwarf;
				ENABLE_STRICT_OBJC_MSGSEND = YES;
				ENABLE_TESTABILITY = YES;
				ENABLE_USER_SCRIPT_SANDBOXING = YES;
				GCC_C_LANGUAGE_STANDARD = gnu17;
				GCC_DYNAMIC_NO_PIC = NO;
				GCC_NO_COMMON_BLOCKS = YES;
				GCC_OPTIMIZATION_LEVEL = 0;
				GCC_PREPROCESSOR_DEFINITIONS = (
					"DEBUG=1",
					"$(inherited)",
				);
				GCC_WARN_64_TO_32_BIT_CONVERSION = YES;
				GCC_WARN_ABOUT_RETURN_TYPE = YES_ERROR;
				GCC_WARN_UNDECLARED_SELECTOR = YES;
				GCC_WARN_UNINITIALIZED_AUTOS = YES_AGGRESSIVE;
				GCC_WARN_UNUSED_FUNCTION = YES;
				GCC_WARN_UNUSED_VARIABLE = YES;
				IPHONEOS_DEPLOYMENT_TARGET = 17.0;
				LOCALIZATION_PREFERS_STRING_CATALOGS = YES;
				MTL_ENABLE_DEBUG_INFO = INCLUDE_SOURCE;
				MTL_FAST_MATH = YES;
				ONLY_ACTIVE_ARCH = YES;
				SDKROOT = iphoneos;
				SWIFT_ACTIVE_COMPILATION_CONDITIONS = "DEBUG $(inherited)";
				SWIFT_OPTIMIZATION_LEVEL = "-Onone";
			};
			name = Debug;
		};
		832DCF1A2B221E0000F48C78 /* Release */ = {
			isa = XCBuildConfiguration;
			buildSettings = {
				ALWAYS_SEARCH_USER_PATHS = NO;
				ASSETCATALOG_COMPILER_GENERATE_SWIFT_ASSET_SYMBOL_EXTENSIONS = YES;
				CLANG_ANALYZER_NONNULL = YES;
				CLANG_ANALYZER_NUMBER_OBJECT_CONVERSION = YES_AGGRESSIVE;
				CLANG_CXX_LANGUAGE_STANDARD = "gnu++20";
				CLANG_ENABLE_MODULES = YES;
				CLANG_ENABLE_OBJC_ARC = YES;
				CLANG_ENABLE_OBJC_WEAK = YES;
				CLANG_WARN_BLOCK_CAPTURE_AUTORELEASING = YES;
				CLANG_WARN_BOOL_CONVERSION = YES;
				CLANG_WARN_COMMA = YES;
				CLANG_WARN_CONSTANT_CONVERSION = YES;
				CLANG_WARN_DEPRECATED_OBJC_IMPLEMENTATIONS = YES;
				CLANG_WARN_DIRECT_OBJC_ISA_USAGE = YES_ERROR;
				CLANG_WARN_DOCUMENTATION_COMMENTS = YES;
				CLANG_WARN_EMPTY_BODY = YES;
				CLANG_WARN_ENUM_CONVERSION = YES;
				CLANG_WARN_INFINITE_RECURSION = YES;
				CLANG_WARN_INT_CONVERSION = YES;
				CLANG_WARN_NON_LITERAL_NULL_CONVERSION = YES;
				CLANG_WARN_OBJC_IMPLICIT_RETAIN_SELF = YES;
				CLANG_WARN_OBJC_LITERAL_CONVERSION = YES;
				CLANG_WARN_OBJC_ROOT_CLASS = YES_ERROR;
				CLANG_WARN_QUOTED_INCLUDE_IN_FRAMEWORK_HEADER = YES;
				CLANG_WARN_RANGE_LOOP_ANALYSIS = YES;
				CLANG_WARN_STRICT_PROTOTYPES = YES;
				CLANG_WARN_SUSPICIOUS_MOVE = YES;
				CLANG_WARN_UNGUARDED_AVAILABILITY = YES_AGGRESSIVE;
				CLANG_WARN_UNREACHABLE_CODE = YES;
				CLANG_WARN__DUPLICATE_METHOD_MATCH = YES;
				COPY_PHASE_STRIP = NO;
				DEBUG_INFORMATION_FORMAT = "dwarf-with-dsym";
				ENABLE_NS_ASSERTIONS = NO;
				ENABLE_STRICT_OBJC_MSGSEND = YES;
				ENABLE_USER_SCRIPT_SANDBOXING = YES;
				GCC_C_LANGUAGE_STANDARD = gnu17;
				GCC_NO_COMMON_BLOCKS = YES;
				GCC_WARN_64_TO_32_BIT_CONVERSION = YES;
				GCC_WARN_ABOUT_RETURN_TYPE = YES_ERROR;
				GCC_WARN_UNDECLARED_SELECTOR = YES;
				GCC_WARN_UNINITIALIZED_AUTOS = YES_AGGRESSIVE;
				GCC_WARN_UNUSED_FUNCTION = YES;
				GCC_WARN_UNUSED_VARIABLE = YES;
				IPHONEOS_DEPLOYMENT_TARGET = 17.0;
				LOCALIZATION_PREFERS_STRING_CATALOGS = YES;
				MTL_ENABLE_DEBUG_INFO = NO;
				MTL_FAST_MATH = YES;
				SDKROOT = iphoneos;
				SWIFT_COMPILATION_MODE = wholemodule;
				VALIDATE_PRODUCT = YES;
			};
			name = Release;
		};
		832DCF1C2B221E0000F48C78 /* Debug */ = {
			isa = XCBuildConfiguration;
			buildSettings = {
				ASSETCATALOG_COMPILER_APPICON_NAME = AppIcon;
				ASSETCATALOG_COMPILER_GLOBAL_ACCENT_COLOR_NAME = AccentColor;
				CODE_SIGN_STYLE = Automatic;
				CURRENT_PROJECT_VERSION = 1;
				DEVELOPMENT_ASSET_PATHS = "\"Assigment-4_Book-crud/Preview Content\"";
				DEVELOPMENT_TEAM = 4GXTHM4TDB;
				ENABLE_PREVIEWS = YES;
				GENERATE_INFOPLIST_FILE = YES;
				INFOPLIST_KEY_UIApplicationSceneManifest_Generation = YES;
				INFOPLIST_KEY_UIApplicationSupportsIndirectInputEvents = YES;
				INFOPLIST_KEY_UILaunchScreen_Generation = YES;
				INFOPLIST_KEY_UISupportedInterfaceOrientations_iPad = "UIInterfaceOrientationPortrait UIInterfaceOrientationPortraitUpsideDown UIInterfaceOrientationLandscapeLeft UIInterfaceOrientationLandscapeRight";
				INFOPLIST_KEY_UISupportedInterfaceOrientations_iPhone = "UIInterfaceOrientationPortrait UIInterfaceOrientationLandscapeLeft UIInterfaceOrientationLandscapeRight";
				LD_RUNPATH_SEARCH_PATHS = (
					"$(inherited)",
					"@executable_path/Frameworks",
				);
				MARKETING_VERSION = 1.0;
				PRODUCT_BUNDLE_IDENTIFIER = "ca.georgian.aryanpanchal.Assigment-4-Book-crud";
				PRODUCT_NAME = "$(TARGET_NAME)";
				SWIFT_EMIT_LOC_STRINGS = YES;
				SWIFT_VERSION = 5.0;
				TARGETED_DEVICE_FAMILY = "1,2";
			};
			name = Debug;
		};
		832DCF1D2B221E0000F48C78 /* Release */ = {
			isa = XCBuildConfiguration;
			buildSettings = {
				ASSETCATALOG_COMPILER_APPICON_NAME = AppIcon;
				ASSETCATALOG_COMPILER_GLOBAL_ACCENT_COLOR_NAME = AccentColor;
				CODE_SIGN_STYLE = Automatic;
				CURRENT_PROJECT_VERSION = 1;
				DEVELOPMENT_ASSET_PATHS = "\"Assigment-4_Book-crud/Preview Content\"";
				DEVELOPMENT_TEAM = 4GXTHM4TDB;
				ENABLE_PREVIEWS = YES;
				GENERATE_INFOPLIST_FILE = YES;
				INFOPLIST_KEY_UIApplicationSceneManifest_Generation = YES;
				INFOPLIST_KEY_UIApplicationSupportsIndirectInputEvents = YES;
				INFOPLIST_KEY_UILaunchScreen_Generation = YES;
				INFOPLIST_KEY_UISupportedInterfaceOrientations_iPad = "UIInterfaceOrientationPortrait UIInterfaceOrientationPortraitUpsideDown UIInterfaceOrientationLandscapeLeft UIInterfaceOrientationLandscapeRight";
				INFOPLIST_KEY_UISupportedInterfaceOrientations_iPhone = "UIInterfaceOrientationPortrait UIInterfaceOrientationLandscapeLeft UIInterfaceOrientationLandscapeRight";
				LD_RUNPATH_SEARCH_PATHS = (
					"$(inherited)",
					"@executable_path/Frameworks",
				);
				MARKETING_VERSION = 1.0;
				PRODUCT_BUNDLE_IDENTIFIER = "ca.georgian.aryanpanchal.Assigment-4-Book-crud";
				PRODUCT_NAME = "$(TARGET_NAME)";
				SWIFT_EMIT_LOC_STRINGS = YES;
				SWIFT_VERSION = 5.0;
				TARGETED_DEVICE_FAMILY = "1,2";
			};
			name = Release;
		};
/* End XCBuildConfiguration section */

/* Begin XCConfigurationList section */
		832DCF082B221DFF00F48C78 /* Build configuration list for PBXProject "Assigment-4_Book-crud" */ = {
			isa = XCConfigurationList;
			buildConfigurations = (
				832DCF192B221E0000F48C78 /* Debug */,
				832DCF1A2B221E0000F48C78 /* Release */,
			);
			defaultConfigurationIsVisible = 0;
			defaultConfigurationName = Release;
		};
		832DCF1B2B221E0000F48C78 /* Build configuration list for PBXNativeTarget "Assigment-4_Book-crud" */ = {
			isa = XCConfigurationList;
			buildConfigurations = (
				832DCF1C2B221E0000F48C78 /* Debug */,
				832DCF1D2B221E0000F48C78 /* Release */,
			);
			defaultConfigurationIsVisible = 0;
			defaultConfigurationName = Release;
		};
/* End XCConfigurationList section */
	};
	rootObject = 832DCF052B221DFF00F48C78 /* Project object */;
}
